
Microsoft Visual Studio Solution File, Format Version 12.00
# Visual Studio Version 17
VisualStudioVersion = 17.6.33829.357
MinimumVisualStudioVersion = 10.0.40219.1
Project("{FAE04EC0-301F-11D3-BF4B-00C04F79EFBC}") = "DistribuidaApp", "DistribuidaApp.csproj", "{17D7956A-EBA8-4393-B3AC-4877E3930C9A}"
EndProject
Global
	GlobalSection(SolutionConfigurationPlatforms) = preSolution
		Debug|Any CPU = Debug|Any CPU
		Release|Any CPU = Release|Any CPU
	EndGlobalSection
	GlobalSection(ProjectConfigurationPlatforms) = postSolution
		{17D7956A-EBA8-4393-B3AC-4877E3930C9A}.Debug|Any CPU.ActiveCfg = Debug|Any CPU
		{17D7956A-EBA8-4393-B3AC-4877E3930C9A}.Debug|Any CPU.Build.0 = Debug|Any CPU
		{17D7956A-EBA8-4393-B3AC-4877E3930C9A}.Release|Any CPU.ActiveCfg = Release|Any CPU
		{17D7956A-EBA8-4393-B3AC-4877E3930C9A}.Release|Any CPU.Build.0 = Release|Any CPU
	EndGlobalSection
	GlobalSection(SolutionProperties) = preSolution
		HideSolutionNode = FALSE
	EndGlobalSection
	GlobalSection(ExtensibilityGlobals) = postSolution
		SolutionGuid = {D59F86A2-2077-49F5-BACB-16BA83704022}
	EndGlobalSection
EndGlobal
